
Microsoft Visual Studio Solution File, Format Version 12.00
# Visual Studio Version 16
VisualStudioVersion = 16.0.29709.97
MinimumVisualStudioVersion = 10.0.40219.1
Project("{FAE04EC0-301F-11D3-BF4B-00C04F79EFBC}") = "PG_Conditional_Statement", "PG_Conditional_Statement.csproj", "{36B43744-C5A3-4707-8EA1-9B06932B55B1}"
EndProject
Global
	GlobalSection(SolutionConfigurationPlatforms) = preSolution
		Debug|Any CPU = Debug|Any CPU
		Release|Any CPU = Release|Any CPU
	EndGlobalSection
	GlobalSection(ProjectConfigurationPlatforms) = postSolution
		{36B43744-C5A3-4707-8EA1-9B06932B55B1}.Debug|Any CPU.ActiveCfg = Debug|Any CPU
		{36B43744-C5A3-4707-8EA1-9B06932B55B1}.Debug|Any CPU.Build.0 = Debug|Any CPU
		{36B43744-C5A3-4707-8EA1-9B06932B55B1}.Release|Any CPU.ActiveCfg = Release|Any CPU
		{36B43744-C5A3-4707-8EA1-9B06932B55B1}.Release|Any CPU.Build.0 = Release|Any CPU
	EndGlobalSection
	GlobalSection(SolutionProperties) = preSolution
		HideSolutionNode = FALSE
	EndGlobalSection
	GlobalSection(ExtensibilityGlobals) = postSolution
		SolutionGuid = {60BE393F-C39E-446C-8257-0BF1F443B52B}
	EndGlobalSection
EndGlobal
